{
  "name": "nlpjs",
  "version": "0.0.1",
  "lockfileVersion": 1,
  "requires": true,
  "dependencies": {
    "@angular/common": {
      "version": "11.2.2",
      "resolved": "https://registry.npmjs.org/@angular/common/-/common-11.2.2.tgz",
      "integrity": "sha512-bYzAGeSc+vD+tQsMMlarBwLUBifPF+VU1F4Wu0nTA4FCQ4uEiGG7febF4zsprxjOY8COtueIFrZh1oAUQBMRMg==",
      "requires": {
        "tslib": "^2.0.0"
      },
      "dependencies": {
        "tslib": {
          "version": "2.1.0",
          "resolved": "https://registry.npmjs.org/tslib/-/tslib-2.1.0.tgz",
          "integrity": "sha512-hcVC3wYEziELGGmEEXue7D75zbwIIVUMWAVbHItGPx0ziyXxrOMQx4rQEVEV45Ut/1IotuEvwqPopzIOkDMf0A=="
        }
      }
    },
    "@angular/core": {
      "version": "11.2.2",
      "resolved": "https://registry.npmjs.org/@angular/core/-/core-11.2.2.tgz",
      "integrity": "sha512-NjjvjMCRJpqQ6FMI/ECAOJrrpJIwNqZGORqJDHBNUqytwlmDXkq25UaiXHrpEqC7M2G+J8REhnoUGnMYqK7x+A==",
      "requires": {
        "tslib": "^2.0.0"
      },
      "dependencies": {
        "tslib": {
          "version": "2.1.0",
          "resolved": "https://registry.npmjs.org/tslib/-/tslib-2.1.0.tgz",
          "integrity": "sha512-hcVC3wYEziELGGmEEXue7D75zbwIIVUMWAVbHItGPx0ziyXxrOMQx4rQEVEV45Ut/1IotuEvwqPopzIOkDMf0A=="
        }
      }
    },
    "@nlpjs/core": {
      "version": "4.21.1",
      "resolved": "https://registry.npmjs.org/@nlpjs/core/-/core-4.21.1.tgz",
      "integrity": "sha512-6QdnCCQmEDUH9vRFQivzdMUiL7oGJ1g2jKt9CWM8xO7Bv7AoCX+4CF9pp0ua2HsLCyeymTdK10IhspSaQ//tGA==",
      "dev": true
    },
    "@nlpjs/lang-en-min": {
      "version": "4.21.1",
      "resolved": "https://registry.npmjs.org/@nlpjs/lang-en-min/-/lang-en-min-4.21.1.tgz",
      "integrity": "sha512-FZbtZ9qMjdM6Vxsl7FwRP29DjqWtOK5nDkUShnn1fr/g6Tuq+Mgymh9YC+6lLlyqFn1cUbc5iWslj3HYXdo8Ww==",
      "dev": true,
      "requires": {
        "@nlpjs/core": "^4.21.1"
      }
    },
    "@nlpjs/language-min": {
      "version": "4.21.1",
      "resolved": "https://registry.npmjs.org/@nlpjs/language-min/-/language-min-4.21.1.tgz",
      "integrity": "sha512-Xe2IrCmudtc1ytxOekNHWaUwVDOc5MeIiKycN0HN8jyxxmGV1gEAioVCAs7kTvnbTcy95tw/9wqRPwaC4uQHWg==",
      "dev": true
    },
    "@nlpjs/ner": {
      "version": "4.21.1",
      "resolved": "https://registry.npmjs.org/@nlpjs/ner/-/ner-4.21.1.tgz",
      "integrity": "sha512-xwiAed4+PryQrMmqaJcs51XxcaBGoZbdVB/jxFFmg0qFsS79NMlGpBbsMiFrhGm5t4tFvwL1F1S/+9JlljRScw==",
      "dev": true,
      "requires": {
        "@nlpjs/core": "^4.21.1",
        "@nlpjs/language-min": "^4.21.1",
        "@nlpjs/similarity": "^4.21.1"
      }
    },
    "@nlpjs/neural": {
      "version": "4.21.1",
      "resolved": "https://registry.npmjs.org/@nlpjs/neural/-/neural-4.21.1.tgz",
      "integrity": "sha512-z3FgR775va3t0bI+RDpX+jC6ooDEEG8MZn4thV5I+hAHMUUYUKTdZQLp6DElKGIkachkmbO9skgRae7oQ8id0A==",
      "dev": true
    },
    "@nlpjs/nlg": {
      "version": "4.21.1",
      "resolved": "https://registry.npmjs.org/@nlpjs/nlg/-/nlg-4.21.1.tgz",
      "integrity": "sha512-oTRi9v+nKcK3jdZ1m79xlwIxo0bb7/qJx1SqdNglsQj2oYRNQQdepHUM2w9XiNWn1UvETIq61AUwUoKg+B9nQw==",
      "dev": true,
      "requires": {
        "@nlpjs/core": "^4.21.1"
      }
    },
    "@nlpjs/nlp": {
      "version": "4.21.3",
      "resolved": "https://registry.npmjs.org/@nlpjs/nlp/-/nlp-4.21.3.tgz",
      "integrity": "sha512-tqXkoj+iBgC1FVt/XwqexBen9gioN3c9D89MrMs3G3Ig5fZPD2PEarY6KN/RMfzL0gWsurXQZbAs+R7sidD4Iw==",
      "dev": true,
      "requires": {
        "@nlpjs/core": "^4.21.1",
        "@nlpjs/ner": "^4.21.1",
        "@nlpjs/nlg": "^4.21.1",
        "@nlpjs/nlu": "^4.21.3",
        "@nlpjs/sentiment": "^4.21.1",
        "@nlpjs/slot": "^4.21.1"
      }
    },
    "@nlpjs/nlu": {
      "version": "4.21.3",
      "resolved": "https://registry.npmjs.org/@nlpjs/nlu/-/nlu-4.21.3.tgz",
      "integrity": "sha512-L19Gu3ZaICH6TGxYVObyXflQ+orS6tT6bMgDx6CywB5WghuW0DxKDrrSw4PG2sbqnj9M6WbemgzPI11x4XGY0Q==",
      "dev": true,
      "requires": {
        "@nlpjs/core": "^4.21.1",
        "@nlpjs/language-min": "^4.21.1",
        "@nlpjs/neural": "^4.21.1",
        "@nlpjs/similarity": "^4.21.1"
      }
    },
    "@nlpjs/request-rn": {
      "version": "4.21.1",
      "resolved": "https://registry.npmjs.org/@nlpjs/request-rn/-/request-rn-4.21.1.tgz",
      "integrity": "sha512-6l+wPJhCc1h8MY+QEYzDRRTJ4PRM7xER6E1Yr6PmwK8oOmRVNW2W8ujKgYwg8USUrM6lX8RGvjGNaxaMrx1KTQ==",
      "dev": true,
      "requires": {
        "axios": "^0.21.0"
      }
    },
    "@nlpjs/sentiment": {
      "version": "4.21.1",
      "resolved": "https://registry.npmjs.org/@nlpjs/sentiment/-/sentiment-4.21.1.tgz",
      "integrity": "sha512-s965SUsvdBzq81UAmQCYVxam041GkFnfHgE+x2thCIvMuPms+MJxRNh34ErFunV03WNA+HrJk6uyTNneLRDfSA==",
      "dev": true,
      "requires": {
        "@nlpjs/core": "^4.21.1",
        "@nlpjs/language-min": "^4.21.1",
        "@nlpjs/neural": "^4.21.1"
      }
    },
    "@nlpjs/similarity": {
      "version": "4.21.1",
      "resolved": "https://registry.npmjs.org/@nlpjs/similarity/-/similarity-4.21.1.tgz",
      "integrity": "sha512-pfs52en3DfG6QSkoYJO3Lq8tq9eZ4s8usyFx3nk9sKOWhg13tGqMrFpDJMnjpdgyY8ZEzOW8YSc5HXihzw7drQ==",
      "dev": true
    },
    "@nlpjs/slot": {
      "version": "4.21.1",
      "resolved": "https://registry.npmjs.org/@nlpjs/slot/-/slot-4.21.1.tgz",
      "integrity": "sha512-+PVNFuywvj/8YzC4K0eVVZK2MWmjeqebJxyyNxXIxllf41f2a05sio8CF75nq+HwwH/KMc0jyFZVdiucFnkTpQ==",
      "dev": true
    },
    "axios": {
      "version": "0.21.1",
      "resolved": "https://registry.npmjs.org/axios/-/axios-0.21.1.tgz",
      "integrity": "sha512-dKQiRHxGD9PPRIUNIWvZhPTPpl1rf/OxTYKsqKUDjBwYylTvV7SjSHJb9ratfyzM6wCdLCOYLzs73qpg5c4iGA==",
      "dev": true,
      "requires": {
        "follow-redirects": "^1.10.0"
      }
    },
    "follow-redirects": {
      "version": "1.13.2",
      "resolved": "https://registry.npmjs.org/follow-redirects/-/follow-redirects-1.13.2.tgz",
      "integrity": "sha512-6mPTgLxYm3r6Bkkg0vNM0HTjfGrOEtsfbhagQvbxDEsEkpNhw582upBaoRZylzen6krEmxXJgt9Ju6HiI4O7BA==",
      "dev": true
    },
    "rxjs": {
      "version": "6.6.3",
      "resolved": "https://registry.npmjs.org/rxjs/-/rxjs-6.6.3.tgz",
      "integrity": "sha512-trsQc+xYYXZ3urjOiJOuCOa5N3jAZ3eiSpQB5hIT8zGlL2QfnHLJ2r7GMkBGuIausdJN1OneaI6gQlsqNHHmZQ==",
      "requires": {
        "tslib": "^1.9.0"
      },
      "dependencies": {
        "tslib": {
          "version": "1.14.1",
          "resolved": "https://registry.npmjs.org/tslib/-/tslib-1.14.1.tgz",
          "integrity": "sha512-Xni35NKzjgMrwevysHTCArtLDpPvye8zV/0E4EyYn43P7/7qvQwPh9BGkHewbMulVntbigmcT7rdX3BNo9wRJg=="
        }
      }
    },
    "tslib": {
      "version": "2.1.0",
      "resolved": "https://registry.npmjs.org/tslib/-/tslib-2.1.0.tgz",
      "integrity": "sha512-hcVC3wYEziELGGmEEXue7D75zbwIIVUMWAVbHItGPx0ziyXxrOMQx4rQEVEV45Ut/1IotuEvwqPopzIOkDMf0A=="
    },
    "zone.js": {
      "version": "0.11.4",
      "resolved": "https://registry.npmjs.org/zone.js/-/zone.js-0.11.4.tgz",
      "integrity": "sha512-DDh2Ab+A/B+9mJyajPjHFPWfYU1H+pdun4wnnk0OcQTNjem1XQSZ2CDW+rfZEUDjv5M19SBqAkjZi0x5wuB5Qw==",
      "requires": {
        "tslib": "^2.0.0"
      },
      "dependencies": {
        "tslib": {
          "version": "2.1.0",
          "resolved": "https://registry.npmjs.org/tslib/-/tslib-2.1.0.tgz",
          "integrity": "sha512-hcVC3wYEziELGGmEEXue7D75zbwIIVUMWAVbHItGPx0ziyXxrOMQx4rQEVEV45Ut/1IotuEvwqPopzIOkDMf0A=="
        }
      }
    }
  }
}
